
Microsoft Visual Studio Solution File, Format Version 12.00
# Visual Studio Version 17
VisualStudioVersion = 17.0.31903.59
MinimumVisualStudioVersion = 10.0.40219.1
Project("{2150E333-8FDC-42A3-9474-1A3956D46DE8}") = "src", "src", "{827E0CD3-B72D-47B6-A68D-7590B98EB39B}"
EndProject
Project("{FAE04EC0-301F-11D3-BF4B-00C04F79EFBC}") = "TechSub.Dominio", "src\TechSub.Dominio\TechSub.Dominio.csproj", "{DCEE9129-E9C5-4107-8918-FB50C56E3EB9}"
EndProject
Project("{FAE04EC0-301F-11D3-BF4B-00C04F79EFBC}") = "TechSub.Aplicacao", "src\TechSub.Aplicacao\TechSub.Aplicacao.csproj", "{727B39F3-96C6-457F-86A9-C564396BEE0E}"
EndProject
Project("{FAE04EC0-301F-11D3-BF4B-00C04F79EFBC}") = "TechSub.Infraestrutura", "src\TechSub.Infraestrutura\TechSub.Infraestrutura.csproj", "{93A1D0EE-EFFE-4E89-93C5-D8096A4AB8F5}"
EndProject
Project("{FAE04EC0-301F-11D3-BF4B-00C04F79EFBC}") = "TechSub.WebAPI", "src\TechSub.WebAPI\TechSub.WebAPI.csproj", "{C6193259-031A-4A10-8080-F21AE2DD8EF6}"
EndProject
Project("{FAE04EC0-301F-11D3-BF4B-00C04F79EFBC}") = "TechSub.Tests", "src\TechSub.Tests\TechSub.Tests.csproj", "{F1D0D8BC-0EE3-477F-92DE-07E9124C1BA2}"
EndProject
Global
	GlobalSection(SolutionConfigurationPlatforms) = preSolution
		Debug|Any CPU = Debug|Any CPU
		Debug|x64 = Debug|x64
		Debug|x86 = Debug|x86
		Release|Any CPU = Release|Any CPU
		Release|x64 = Release|x64
		Release|x86 = Release|x86
	EndGlobalSection
	GlobalSection(ProjectConfigurationPlatforms) = postSolution
		{DCEE9129-E9C5-4107-8918-FB50C56E3EB9}.Debug|Any CPU.ActiveCfg = Debug|Any CPU
		{DCEE9129-E9C5-4107-8918-FB50C56E3EB9}.Debug|Any CPU.Build.0 = Debug|Any CPU
		{DCEE9129-E9C5-4107-8918-FB50C56E3EB9}.Debug|x64.ActiveCfg = Debug|Any CPU
		{DCEE9129-E9C5-4107-8918-FB50C56E3EB9}.Debug|x64.Build.0 = Debug|Any CPU
		{DCEE9129-E9C5-4107-8918-FB50C56E3EB9}.Debug|x86.ActiveCfg = Debug|Any CPU
		{DCEE9129-E9C5-4107-8918-FB50C56E3EB9}.Debug|x86.Build.0 = Debug|Any CPU
		{DCEE9129-E9C5-4107-8918-FB50C56E3EB9}.Release|Any CPU.ActiveCfg = Release|Any CPU
		{DCEE9129-E9C5-4107-8918-FB50C56E3EB9}.Release|Any CPU.Build.0 = Release|Any CPU
		{DCEE9129-E9C5-4107-8918-FB50C56E3EB9}.Release|x64.ActiveCfg = Release|Any CPU
		{DCEE9129-E9C5-4107-8918-FB50C56E3EB9}.Release|x64.Build.0 = Release|Any CPU
		{DCEE9129-E9C5-4107-8918-FB50C56E3EB9}.Release|x86.ActiveCfg = Release|Any CPU
		{DCEE9129-E9C5-4107-8918-FB50C56E3EB9}.Release|x86.Build.0 = Release|Any CPU
		{727B39F3-96C6-457F-86A9-C564396BEE0E}.Debug|Any CPU.ActiveCfg = Debug|Any CPU
		{727B39F3-96C6-457F-86A9-C564396BEE0E}.Debug|Any CPU.Build.0 = Debug|Any CPU
		{727B39F3-96C6-457F-86A9-C564396BEE0E}.Debug|x64.ActiveCfg = Debug|Any CPU
		{727B39F3-96C6-457F-86A9-C564396BEE0E}.Debug|x64.Build.0 = Debug|Any CPU
		{727B39F3-96C6-457F-86A9-C564396BEE0E}.Debug|x86.ActiveCfg = Debug|Any CPU
		{727B39F3-96C6-457F-86A9-C564396BEE0E}.Debug|x86.Build.0 = Debug|Any CPU
		{727B39F3-96C6-457F-86A9-C564396BEE0E}.Release|Any CPU.ActiveCfg = Release|Any CPU
		{727B39F3-96C6-457F-86A9-C564396BEE0E}.Release|Any CPU.Build.0 = Release|Any CPU
		{727B39F3-96C6-457F-86A9-C564396BEE0E}.Release|x64.ActiveCfg = Release|Any CPU
		{727B39F3-96C6-457F-86A9-C564396BEE0E}.Release|x64.Build.0 = Release|Any CPU
		{727B39F3-96C6-457F-86A9-C564396BEE0E}.Release|x86.ActiveCfg = Release|Any CPU
		{727B39F3-96C6-457F-86A9-C564396BEE0E}.Release|x86.Build.0 = Release|Any CPU
		{93A1D0EE-EFFE-4E89-93C5-D8096A4AB8F5}.Debug|Any CPU.ActiveCfg = Debug|Any CPU
		{93A1D0EE-EFFE-4E89-93C5-D8096A4AB8F5}.Debug|Any CPU.Build.0 = Debug|Any CPU
		{93A1D0EE-EFFE-4E89-93C5-D8096A4AB8F5}.Debug|x64.ActiveCfg = Debug|Any CPU
		{93A1D0EE-EFFE-4E89-93C5-D8096A4AB8F5}.Debug|x64.Build.0 = Debug|Any CPU
		{93A1D0EE-EFFE-4E89-93C5-D8096A4AB8F5}.Debug|x86.ActiveCfg = Debug|Any CPU
		{93A1D0EE-EFFE-4E89-93C5-D8096A4AB8F5}.Debug|x86.Build.0 = Debug|Any CPU
		{93A1D0EE-EFFE-4E89-93C5-D8096A4AB8F5}.Release|Any CPU.ActiveCfg = Release|Any CPU
		{93A1D0EE-EFFE-4E89-93C5-D8096A4AB8F5}.Release|Any CPU.Build.0 = Release|Any CPU
		{93A1D0EE-EFFE-4E89-93C5-D8096A4AB8F5}.Release|x64.ActiveCfg = Release|Any CPU
		{93A1D0EE-EFFE-4E89-93C5-D8096A4AB8F5}.Release|x64.Build.0 = Release|Any CPU
		{93A1D0EE-EFFE-4E89-93C5-D8096A4AB8F5}.Release|x86.ActiveCfg = Release|Any CPU
		{93A1D0EE-EFFE-4E89-93C5-D8096A4AB8F5}.Release|x86.Build.0 = Release|Any CPU
		{C6193259-031A-4A10-8080-F21AE2DD8EF6}.Debug|Any CPU.ActiveCfg = Debug|Any CPU
		{C6193259-031A-4A10-8080-F21AE2DD8EF6}.Debug|Any CPU.Build.0 = Debug|Any CPU
		{C6193259-031A-4A10-8080-F21AE2DD8EF6}.Debug|x64.ActiveCfg = Debug|Any CPU
		{C6193259-031A-4A10-8080-F21AE2DD8EF6}.Debug|x64.Build.0 = Debug|Any CPU
		{C6193259-031A-4A10-8080-F21AE2DD8EF6}.Debug|x86.ActiveCfg = Debug|Any CPU
		{C6193259-031A-4A10-8080-F21AE2DD8EF6}.Debug|x86.Build.0 = Debug|Any CPU
		{C6193259-031A-4A10-8080-F21AE2DD8EF6}.Release|Any CPU.ActiveCfg = Release|Any CPU
		{C6193259-031A-4A10-8080-F21AE2DD8EF6}.Release|Any CPU.Build.0 = Release|Any CPU
		{C6193259-031A-4A10-8080-F21AE2DD8EF6}.Release|x64.ActiveCfg = Release|Any CPU
		{C6193259-031A-4A10-8080-F21AE2DD8EF6}.Release|x64.Build.0 = Release|Any CPU
		{C6193259-031A-4A10-8080-F21AE2DD8EF6}.Release|x86.ActiveCfg = Release|Any CPU
		{C6193259-031A-4A10-8080-F21AE2DD8EF6}.Release|x86.Build.0 = Release|Any CPU
		{F1D0D8BC-0EE3-477F-92DE-07E9124C1BA2}.Debug|Any CPU.ActiveCfg = Debug|Any CPU
		{F1D0D8BC-0EE3-477F-92DE-07E9124C1BA2}.Debug|Any CPU.Build.0 = Debug|Any CPU
		{F1D0D8BC-0EE3-477F-92DE-07E9124C1BA2}.Debug|x64.ActiveCfg = Debug|Any CPU
		{F1D0D8BC-0EE3-477F-92DE-07E9124C1BA2}.Debug|x64.Build.0 = Debug|Any CPU
		{F1D0D8BC-0EE3-477F-92DE-07E9124C1BA2}.Debug|x86.ActiveCfg = Debug|Any CPU
		{F1D0D8BC-0EE3-477F-92DE-07E9124C1BA2}.Debug|x86.Build.0 = Debug|Any CPU
		{F1D0D8BC-0EE3-477F-92DE-07E9124C1BA2}.Release|Any CPU.ActiveCfg = Release|Any CPU
		{F1D0D8BC-0EE3-477F-92DE-07E9124C1BA2}.Release|Any CPU.Build.0 = Release|Any CPU
		{F1D0D8BC-0EE3-477F-92DE-07E9124C1BA2}.Release|x64.ActiveCfg = Release|Any CPU
		{F1D0D8BC-0EE3-477F-92DE-07E9124C1BA2}.Release|x64.Build.0 = Release|Any CPU
		{F1D0D8BC-0EE3-477F-92DE-07E9124C1BA2}.Release|x86.ActiveCfg = Release|Any CPU
		{F1D0D8BC-0EE3-477F-92DE-07E9124C1BA2}.Release|x86.Build.0 = Release|Any CPU
	EndGlobalSection
	GlobalSection(SolutionProperties) = preSolution
		HideSolutionNode = FALSE
	EndGlobalSection
	GlobalSection(NestedProjects) = preSolution
		{DCEE9129-E9C5-4107-8918-FB50C56E3EB9} = {827E0CD3-B72D-47B6-A68D-7590B98EB39B}
		{727B39F3-96C6-457F-86A9-C564396BEE0E} = {827E0CD3-B72D-47B6-A68D-7590B98EB39B}
		{93A1D0EE-EFFE-4E89-93C5-D8096A4AB8F5} = {827E0CD3-B72D-47B6-A68D-7590B98EB39B}
		{C6193259-031A-4A10-8080-F21AE2DD8EF6} = {827E0CD3-B72D-47B6-A68D-7590B98EB39B}
		{F1D0D8BC-0EE3-477F-92DE-07E9124C1BA2} = {827E0CD3-B72D-47B6-A68D-7590B98EB39B}
	EndGlobalSection
EndGlobal
